
Microsoft Visual Studio Solution File, Format Version 12.00
# Visual Studio Version 17
VisualStudioVersion = 17.8.34322.80
MinimumVisualStudioVersion = 10.0.40219.1
Project("{FAE04EC0-301F-11D3-BF4B-00C04F79EFBC}") = "TaskManagerApi", "TaskManagerApi\TaskManagerApi.csproj", "{0782FC88-6461-4B3F-965F-F01E35AB022B}"
EndProject
Global
	GlobalSection(SolutionConfigurationPlatforms) = preSolution
		Debug|Any CPU = Debug|Any CPU
		Release|Any CPU = Release|Any CPU
	EndGlobalSection
	GlobalSection(ProjectConfigurationPlatforms) = postSolution
		{0782FC88-6461-4B3F-965F-F01E35AB022B}.Debug|Any CPU.ActiveCfg = Debug|Any CPU
		{0782FC88-6461-4B3F-965F-F01E35AB022B}.Debug|Any CPU.Build.0 = Debug|Any CPU
		{0782FC88-6461-4B3F-965F-F01E35AB022B}.Release|Any CPU.ActiveCfg = Release|Any CPU
		{0782FC88-6461-4B3F-965F-F01E35AB022B}.Release|Any CPU.Build.0 = Release|Any CPU
	EndGlobalSection
	GlobalSection(SolutionProperties) = preSolution
		HideSolutionNode = FALSE
	EndGlobalSection
	GlobalSection(ExtensibilityGlobals) = postSolution
		SolutionGuid = {34FB77E4-B333-4C25-A12C-7687023C5532}
	EndGlobalSection
EndGlobal
